{
  "name": "bower-semver",
  "version": "0.0.1",
  "lockfileVersion": 3,
  "requires": true,
  "packages": {
    "": {
      "name": "bower-semver",
      "version": "0.0.1",
      "hasInstallScript": true,
      "license": "BSD",
      "devDependencies": {
        "semver": "4.1.0"
      }
    },
    "node_modules/semver": {
      "version": "4.1.0",
      "resolved": "https://registry.npmjs.org/semver/-/semver-4.1.0.tgz",
      "integrity": "sha512-lLkkQcdd/nO1WKpCh2rljlJ17truE0Bs2x+Nor41/yKwnYeHtyOQJqA97NP4zkez3+gJ1Uh5rUqiEOYgOBMXbw==",
      "dev": true,
      "license": "BSD",
      "bin": {
        "semver": "bin/semver"
      }
    }
  }
}
